
Microsoft Visual Studio Solution File, Format Version 12.00
# Visual Studio 15
VisualStudioVersion = 15.0.28307.902
MinimumVisualStudioVersion = 10.0.40219.1
Project("{FAE04EC0-301F-11D3-BF4B-00C04F79EFBC}") = "ConsoleApp2", "ConsoleApp2\ConsoleApp2.csproj", "{2FCE11DF-F832-4F33-9565-13786ACA07AE}"
EndProject
Global
	GlobalSection(SolutionConfigurationPlatforms) = preSolution
		Debug|Any CPU = Debug|Any CPU
		Release|Any CPU = Release|Any CPU
	EndGlobalSection
	GlobalSection(ProjectConfigurationPlatforms) = postSolution
		{2FCE11DF-F832-4F33-9565-13786ACA07AE}.Debug|Any CPU.ActiveCfg = Debug|Any CPU
		{2FCE11DF-F832-4F33-9565-13786ACA07AE}.Debug|Any CPU.Build.0 = Debug|Any CPU
		{2FCE11DF-F832-4F33-9565-13786ACA07AE}.Release|Any CPU.ActiveCfg = Release|Any CPU
		{2FCE11DF-F832-4F33-9565-13786ACA07AE}.Release|Any CPU.Build.0 = Release|Any CPU
	EndGlobalSection
	GlobalSection(SolutionProperties) = preSolution
		HideSolutionNode = FALSE
	EndGlobalSection
	GlobalSection(ExtensibilityGlobals) = postSolution
		SolutionGuid = {F98C7381-5F26-41DC-8AD7-571BC8271574}
	EndGlobalSection
EndGlobal
